
Microsoft Visual Studio Solution File, Format Version 12.00
# Visual Studio Version 17
VisualStudioVersion = 17.8.34511.84
MinimumVisualStudioVersion = 10.0.40219.1
Project("{FAE04EC0-301F-11D3-BF4B-00C04F79EFBC}") = "Trabalho_PUC", "Trabalho_PUC\Trabalho_PUC.csproj", "{4E23737E-0C39-4EB7-AFAB-6EE5841671D0}"
EndProject
Global
	GlobalSection(SolutionConfigurationPlatforms) = preSolution
		Debug|Any CPU = Debug|Any CPU
		Release|Any CPU = Release|Any CPU
	EndGlobalSection
	GlobalSection(ProjectConfigurationPlatforms) = postSolution
		{4E23737E-0C39-4EB7-AFAB-6EE5841671D0}.Debug|Any CPU.ActiveCfg = Debug|Any CPU
		{4E23737E-0C39-4EB7-AFAB-6EE5841671D0}.Debug|Any CPU.Build.0 = Debug|Any CPU
		{4E23737E-0C39-4EB7-AFAB-6EE5841671D0}.Release|Any CPU.ActiveCfg = Release|Any CPU
		{4E23737E-0C39-4EB7-AFAB-6EE5841671D0}.Release|Any CPU.Build.0 = Release|Any CPU
	EndGlobalSection
	GlobalSection(SolutionProperties) = preSolution
		HideSolutionNode = FALSE
	EndGlobalSection
	GlobalSection(ExtensibilityGlobals) = postSolution
		SolutionGuid = {61E59B18-2A55-4322-8FEF-FAACDDB48340}
	EndGlobalSection
EndGlobal
